<?xml version="1.0" encoding="utf-8"?>
<Project ToolsVersion="4.0" xmlns="http://schemas.microsoft.com/developer/msbuild/2003">
  <ItemGroup>
    <ClInclude Include="MinesweeperApp.hpp" />
    <ClInclude Include="Manager\Manager.hpp">
      <Filter>Manager</Filter>
    </ClInclude>
    <ClInclude Include="RuntimeSharing.hpp" />
    <ClInclude Include="Manager\UI\UIManager.hpp">
      <Filter>Manager\UI</Filter>
    </ClInclude>
    <ClInclude Include="Manager\UI\Component\UIComponent.hpp">
      <Filter>Manager\UI\Component</Filter>
    </ClInclude>
    <ClInclude Include="Manager\UI\Component\MainMenuUIComponent.hpp">
      <Filter>Manager\UI\Component</Filter>
    </ClInclude>
    <ClInclude Include="Manager\UI\Component\GameSceneUIComponent.hpp">
      <Filter>Manager\UI\Component</Filter>
    </ClInclude>
    <ClInclude Include="Manager\UI\Component\GameStatusUIComponent.hpp">
      <Filter>Manager\UI\Component</Filter>
    </ClInclude>
    <ClInclude Include="Manager\UI\Component\GameConfigUIComponent.hpp">
      <Filter>Manager\UI\Component</Filter>
    </ClInclude>
    <ClInclude Include="Manager\UI\Component\GameFinishUIComponent.hpp">
      <Filter>Manager\UI\Component</Filter>
    </ClInclude>
    <ClInclude Include="Manager\File\FileManager.hpp">
      <Filter>Manager\File</Filter>
    </ClInclude>
    <ClInclude Include="Manager\File\Component\FileComponent.hpp">
      <Filter>Manager\File\Component</Filter>
    </ClInclude>
    <ClInclude Include="Manager\File\Component\GameConfigFileComponent.hpp">
      <Filter>Manager\File\Component</Filter>
    </ClInclude>
    <ClInclude Include="Manager\File\Component\GameModFileComponent.hpp">
      <Filter>Manager\File\Component</Filter>
    </ClInclude>
    <ClInclude Include="Manager\UI\Component\GameModUIComponent.hpp">
      <Filter>Manager\UI\Component</Filter>
    </ClInclude>
    <ClInclude Include="Import\ImportMinesGenerator.hpp">
      <Filter>Import</Filter>
    </ClInclude>
  </ItemGroup>
  <ItemGroup>
    <ClCompile Include="main.cpp" />
    <ClCompile Include="MinesweeperApp.cpp" />
    <ClCompile Include="RuntimeSharing.cpp" />
    <ClCompile Include="Manager\UI\UIManager.cpp">
      <Filter>Manager\UI</Filter>
    </ClCompile>
    <ClCompile Include="Manager\UI\Component\MainMenuUIComponent.cpp">
      <Filter>Manager\UI\Component</Filter>
    </ClCompile>
    <ClCompile Include="Manager\UI\Component\GameSceneUIComponent.cpp">
      <Filter>Manager\UI\Component</Filter>
    </ClCompile>
    <ClCompile Include="Manager\UI\Component\GameStatusUIComponent.cpp">
      <Filter>Manager\UI\Component</Filter>
    </ClCompile>
    <ClCompile Include="Manager\UI\Component\GameConfigUIComponent.cpp">
      <Filter>Manager\UI\Component</Filter>
    </ClCompile>
    <ClCompile Include="Manager\UI\Component\GameFinishUIComponent.cpp">
      <Filter>Manager\UI\Component</Filter>
    </ClCompile>
    <ClCompile Include="Manager\File\Component\GameConfigFileComponent.cpp">
      <Filter>Manager\File\Component</Filter>
    </ClCompile>
    <ClCompile Include="Manager\File\FileManager.cpp">
      <Filter>Manager\File</Filter>
    </ClCompile>
    <ClCompile Include="Manager\File\Component\GameModFileComponent.cpp">
      <Filter>Manager\File\Component</Filter>
    </ClCompile>
    <ClCompile Include="Manager\UI\Component\GameModUIComponent.cpp">
      <Filter>Manager\UI\Component</Filter>
    </ClCompile>
    <ClCompile Include="Import\ImportMinesGenerator.cpp">
      <Filter>Import</Filter>
    </ClCompile>
  </ItemGroup>
  <ItemGroup>
    <Filter Include="Manager">
      <UniqueIdentifier>{6dfeeebd-c6f3-440f-9912-dce6fe5477c1}</UniqueIdentifier>
    </Filter>
    <Filter Include="Manager\UI">
      <UniqueIdentifier>{1bfc231d-fcd7-420d-9ca9-8049ba7c2a69}</UniqueIdentifier>
    </Filter>
    <Filter Include="Manager\UI\Component">
      <UniqueIdentifier>{52d0f329-9889-4292-bea4-8c38a56ad0bf}</UniqueIdentifier>
    </Filter>
    <Filter Include="Resources">
      <UniqueIdentifier>{d78b08b5-73f2-4626-86fb-cf38056db41e}</UniqueIdentifier>
    </Filter>
    <Filter Include="Resources\Fonts">
      <UniqueIdentifier>{9ba2aa2a-cdab-46eb-a268-b4d9f49cfee6}</UniqueIdentifier>
    </Filter>
    <Filter Include="Manager\File">
      <UniqueIdentifier>{c25e2dde-0085-49b5-a603-ed218f278087}</UniqueIdentifier>
    </Filter>
    <Filter Include="Manager\File\Component">
      <UniqueIdentifier>{fc16480a-401b-4e73-bc06-82575d12db7b}</UniqueIdentifier>
    </Filter>
    <Filter Include="Resources\Mods">
      <UniqueIdentifier>{ab486865-0405-4ce5-bc46-8d9de95fdc0f}</UniqueIdentifier>
    </Filter>
    <Filter Include="Import">
      <UniqueIdentifier>{8852c875-6b9c-4f49-a4e6-2de309e7ecee}</UniqueIdentifier>
    </Filter>
  </ItemGroup>
  <ItemGroup>
    <CopyFileToFolders Include="Resources\Fonts\Consola.ttf">
      <Filter>Resources\Fonts</Filter>
    </CopyFileToFolders>
  </ItemGroup>
</Project>